// !$*UTF8*$!
{
	archiveVersion = 1;
	classes = {
	};
	objectVersion = 55;
	objects = {

/* Begin PBXBuildFile section */
		BB60CCDA282E681A00475317 /* FileIO.swift in Sources */ = {isa = PBXBuildFile; fileRef = BB60CCD9282E681A00475317 /* FileIO.swift */; };
		BBBF6E60282F7EE80009FAB9 /* main.swift in Sources */ = {isa = PBXBuildFile; fileRef = BBBF6E5F282F7EE80009FAB9 /* main.swift */; };
/* End PBXBuildFile section */

/* Begin PBXCopyFilesBuildPhase section */
		BBF2EC5E2810F8220092E709 /* CopyFiles */ = {
			isa = PBXCopyFilesBuildPhase;
			buildActionMask = 2147483647;
			dstPath = /usr/share/man/man1/;
			dstSubfolderSpec = 0;
			files = (
			);
			runOnlyForDeploymentPostprocessing = 1;
		};
/* End PBXCopyFilesBuildPhase section */

/* Begin PBXFileReference section */
		BB0CF0DC2819090900BFB3BF /* 15552.swift */ = {isa = PBXFileReference; lastKnownFileType = sourcecode.swift; path = 15552.swift; sourceTree = "<group>"; };
		BB0CF0DE28191FC500BFB3BF /* 2741.swift */ = {isa = PBXFileReference; lastKnownFileType = sourcecode.swift; path = 2741.swift; sourceTree = "<group>"; };
		BB0CF0E028192A1500BFB3BF /* 2742.swift */ = {isa = PBXFileReference; lastKnownFileType = sourcecode.swift; path = 2742.swift; sourceTree = "<group>"; };
		BB0CF0E228192ACB00BFB3BF /* 11021.swift */ = {isa = PBXFileReference; lastKnownFileType = sourcecode.swift; path = 11021.swift; sourceTree = "<group>"; };
		BB0CF0E428192B9800BFB3BF /* 11022.swift */ = {isa = PBXFileReference; lastKnownFileType = sourcecode.swift; path = 11022.swift; sourceTree = "<group>"; };
		BB0CF0E628192C4E00BFB3BF /* 2438.swift */ = {isa = PBXFileReference; lastKnownFileType = sourcecode.swift; path = 2438.swift; sourceTree = "<group>"; };
		BB0CF0E828192D9800BFB3BF /* 2439.swift */ = {isa = PBXFileReference; lastKnownFileType = sourcecode.swift; path = 2439.swift; sourceTree = "<group>"; };
		BB0CF0EA281930AB00BFB3BF /* 10871.swift */ = {isa = PBXFileReference; lastKnownFileType = sourcecode.swift; path = 10871.swift; sourceTree = "<group>"; };
		BB0CF0EC2819327300BFB3BF /* 10952.swift */ = {isa = PBXFileReference; lastKnownFileType = sourcecode.swift; path = 10952.swift; sourceTree = "<group>"; };
		BB0CF0EE2819335A00BFB3BF /* 10951.swift */ = {isa = PBXFileReference; lastKnownFileType = sourcecode.swift; path = 10951.swift; sourceTree = "<group>"; };
		BB0CF0F02819352000BFB3BF /* 1110.swift */ = {isa = PBXFileReference; lastKnownFileType = sourcecode.swift; path = 1110.swift; sourceTree = "<group>"; };
		BB0CF0F2281A516100BFB3BF /* 10818.swift */ = {isa = PBXFileReference; lastKnownFileType = sourcecode.swift; path = 10818.swift; sourceTree = "<group>"; };
		BB0CF0F4281A5C2700BFB3BF /* 2562.swift */ = {isa = PBXFileReference; lastKnownFileType = sourcecode.swift; path = 2562.swift; sourceTree = "<group>"; };
		BB0CF0F6281A5DC300BFB3BF /* 2577.swift */ = {isa = PBXFileReference; lastKnownFileType = sourcecode.swift; path = 2577.swift; sourceTree = "<group>"; };
		BB0CF0F8281A612C00BFB3BF /* 3052.swift */ = {isa = PBXFileReference; lastKnownFileType = sourcecode.swift; path = 3052.swift; sourceTree = "<group>"; };
		BB0CF0FA281A660400BFB3BF /* 1546.swift */ = {isa = PBXFileReference; lastKnownFileType = sourcecode.swift; path = 1546.swift; sourceTree = "<group>"; };
		BB0CF0FC281A688400BFB3BF /* 8958.swift */ = {isa = PBXFileReference; lastKnownFileType = sourcecode.swift; path = 8958.swift; sourceTree = "<group>"; };
		BB0CF0FE281A6B1A00BFB3BF /* 4344.swift */ = {isa = PBXFileReference; lastKnownFileType = sourcecode.swift; path = 4344.swift; sourceTree = "<group>"; };
		BB0CF100281A70A200BFB3BF /* 4673.swift */ = {isa = PBXFileReference; lastKnownFileType = sourcecode.swift; path = 4673.swift; sourceTree = "<group>"; };
		BB0CF102281A7BC500BFB3BF /* 1065.swift */ = {isa = PBXFileReference; lastKnownFileType = sourcecode.swift; path = 1065.swift; sourceTree = "<group>"; };
		BB0CF105281A890B00BFB3BF /* 11654.swift */ = {isa = PBXFileReference; lastKnownFileType = sourcecode.swift; path = 11654.swift; sourceTree = "<group>"; };
		BB0CF107281BA3E700BFB3BF /* 11720.swift */ = {isa = PBXFileReference; lastKnownFileType = sourcecode.swift; path = 11720.swift; sourceTree = "<group>"; };
		BB0CF109281BA98A00BFB3BF /* 10809.swift */ = {isa = PBXFileReference; lastKnownFileType = sourcecode.swift; path = 10809.swift; sourceTree = "<group>"; };
		BB0CF10B281BB70700BFB3BF /* 2675.swift */ = {isa = PBXFileReference; lastKnownFileType = sourcecode.swift; path = 2675.swift; sourceTree = "<group>"; };
		BB0CF10D281BC05A00BFB3BF /* 1157.swift */ = {isa = PBXFileReference; lastKnownFileType = sourcecode.swift; path = 1157.swift; sourceTree = "<group>"; };
		BB0CF10F281BC55700BFB3BF /* 1152.swift */ = {isa = PBXFileReference; lastKnownFileType = sourcecode.swift; path = 1152.swift; sourceTree = "<group>"; };
		BB0CF111281BC61500BFB3BF /* 2908.swift */ = {isa = PBXFileReference; lastKnownFileType = sourcecode.swift; path = 2908.swift; sourceTree = "<group>"; };
		BB0CF113281BC99100BFB3BF /* 5622.swift */ = {isa = PBXFileReference; lastKnownFileType = sourcecode.swift; path = 5622.swift; sourceTree = "<group>"; };
		BB0CF115281BD0A900BFB3BF /* 2941.swift */ = {isa = PBXFileReference; lastKnownFileType = sourcecode.swift; path = 2941.swift; sourceTree = "<group>"; };
		BB15A99C281FD8DF00D451A1 /* 1316.swift */ = {isa = PBXFileReference; lastKnownFileType = sourcecode.swift; path = 1316.swift; sourceTree = "<group>"; };
		BB15A99E281FDCC500D451A1 /* 1712.swift */ = {isa = PBXFileReference; lastKnownFileType = sourcecode.swift; path = 1712.swift; sourceTree = "<group>"; };
		BB15A9A02820F07500D451A1 /* 2292.swift */ = {isa = PBXFileReference; lastKnownFileType = sourcecode.swift; path = 2292.swift; sourceTree = "<group>"; };
		BB15A9A32821075800D451A1 /* 1193.swift */ = {isa = PBXFileReference; lastKnownFileType = sourcecode.swift; path = 1193.swift; sourceTree = "<group>"; };
		BB15A9A52821162300D451A1 /* 2869.swift */ = {isa = PBXFileReference; lastKnownFileType = sourcecode.swift; path = 2869.swift; sourceTree = "<group>"; };
		BB15A9A72823A26400D451A1 /* 10250.swift */ = {isa = PBXFileReference; lastKnownFileType = sourcecode.swift; path = 10250.swift; sourceTree = "<group>"; };
		BB15A9A92823ADF200D451A1 /* 2775.swift */ = {isa = PBXFileReference; lastKnownFileType = sourcecode.swift; path = 2775.swift; sourceTree = "<group>"; };
		BB1C4627282943990073F224 /* 10870.swift */ = {isa = PBXFileReference; lastKnownFileType = sourcecode.swift; path = 10870.swift; sourceTree = "<group>"; };
		BB1C4629282949710073F224 /* 17478.swift */ = {isa = PBXFileReference; lastKnownFileType = sourcecode.swift; path = 17478.swift; sourceTree = "<group>"; };
		BB1C462B282959CB0073F224 /* 2447.swift */ = {isa = PBXFileReference; lastKnownFileType = sourcecode.swift; path = 2447.swift; sourceTree = "<group>"; };
		BB1C462D282A89830073F224 /* 11729.swift */ = {isa = PBXFileReference; lastKnownFileType = sourcecode.swift; path = 11729.swift; sourceTree = "<group>"; };
		BB1C462F282BA0C90073F224 /* 2798.swift */ = {isa = PBXFileReference; lastKnownFileType = sourcecode.swift; path = 2798.swift; sourceTree = "<group>"; };
		BB1C4631282BA46C0073F224 /* 2231.swift */ = {isa = PBXFileReference; lastKnownFileType = sourcecode.swift; path = 2231.swift; sourceTree = "<group>"; };
		BB1C4633282BAA800073F224 /* 7568.swift */ = {isa = PBXFileReference; lastKnownFileType = sourcecode.swift; path = 7568.swift; sourceTree = "<group>"; };
		BB1C4635282BACD20073F224 /* 1018.swift */ = {isa = PBXFileReference; lastKnownFileType = sourcecode.swift; path = 1018.swift; sourceTree = "<group>"; };
		BB1C4637282CD3A80073F224 /* 1436.swift */ = {isa = PBXFileReference; lastKnownFileType = sourcecode.swift; path = 1436.swift; sourceTree = "<group>"; };
		BB1C4639282CE6220073F224 /* 2750.swift */ = {isa = PBXFileReference; lastKnownFileType = sourcecode.swift; path = 2750.swift; sourceTree = "<group>"; };
		BB1C463B282CEC090073F224 /* 2751.swift */ = {isa = PBXFileReference; lastKnownFileType = sourcecode.swift; path = 2751.swift; sourceTree = "<group>"; };
		BB60CCD1282E31C000475317 /* 10989.swift */ = {isa = PBXFileReference; lastKnownFileType = sourcecode.swift; path = 10989.swift; sourceTree = "<group>"; };
		BB60CCD6282E5A6600475317 /* 2108.swift */ = {isa = PBXFileReference; lastKnownFileType = sourcecode.swift; path = 2108.swift; sourceTree = "<group>"; };
		BB60CCD9282E681A00475317 /* FileIO.swift */ = {isa = PBXFileReference; lastKnownFileType = sourcecode.swift; path = FileIO.swift; sourceTree = "<group>"; };
		BB668877282411E200D54DD8 /* 2839.swift */ = {isa = PBXFileReference; lastKnownFileType = sourcecode.swift; path = 2839.swift; sourceTree = "<group>"; };
		BB6688792824EF3300D54DD8 /* 10757.swift */ = {isa = PBXFileReference; lastKnownFileType = sourcecode.swift; path = 10757.swift; sourceTree = "<group>"; };
		BB66887B2825086E00D54DD8 /* 1978.swift */ = {isa = PBXFileReference; lastKnownFileType = sourcecode.swift; path = 1978.swift; sourceTree = "<group>"; };
		BB66887D282511B500D54DD8 /* 2581.swift */ = {isa = PBXFileReference; lastKnownFileType = sourcecode.swift; path = 2581.swift; sourceTree = "<group>"; };
		BB66887F2825149600D54DD8 /* 11653.swift */ = {isa = PBXFileReference; lastKnownFileType = sourcecode.swift; path = 11653.swift; sourceTree = "<group>"; };
		BB6688812825179900D54DD8 /* 1929.swift */ = {isa = PBXFileReference; lastKnownFileType = sourcecode.swift; path = 1929.swift; sourceTree = "<group>"; };
		BB668883282521C700D54DD8 /* 4948.swift */ = {isa = PBXFileReference; lastKnownFileType = sourcecode.swift; path = 4948.swift; sourceTree = "<group>"; };
		BB6688852828D8C000D54DD8 /* 9020.swift */ = {isa = PBXFileReference; lastKnownFileType = sourcecode.swift; path = 9020.swift; sourceTree = "<group>"; };
		BB6688872828E25800D54DD8 /* 1085.swift */ = {isa = PBXFileReference; lastKnownFileType = sourcecode.swift; path = 1085.swift; sourceTree = "<group>"; };
		BB6688892828E73E00D54DD8 /* 3009.swift */ = {isa = PBXFileReference; lastKnownFileType = sourcecode.swift; path = 3009.swift; sourceTree = "<group>"; };
		BB66888B2828F39F00D54DD8 /* 4153.swift */ = {isa = PBXFileReference; lastKnownFileType = sourcecode.swift; path = 4153.swift; sourceTree = "<group>"; };
		BB66888D2828F91200D54DD8 /* 3053.swift */ = {isa = PBXFileReference; lastKnownFileType = sourcecode.swift; path = 3053.swift; sourceTree = "<group>"; };
		BB6688912828FEE100D54DD8 /* 1002.swift */ = {isa = PBXFileReference; lastKnownFileType = sourcecode.swift; path = 1002.swift; sourceTree = "<group>"; };
		BB668893282925AE00D54DD8 /* 10872.swift */ = {isa = PBXFileReference; lastKnownFileType = sourcecode.swift; path = 10872.swift; sourceTree = "<group>"; };
		BB6EECC128110AB3001F77A4 /* 1001.swift */ = {isa = PBXFileReference; lastKnownFileType = sourcecode.swift; path = 1001.swift; sourceTree = "<group>"; };
		BB6EECC328110BCE001F77A4 /* 2557.swift */ = {isa = PBXFileReference; lastKnownFileType = sourcecode.swift; path = 2557.swift; sourceTree = "<group>"; };
		BB6EECC528110E8F001F77A4 /* 10718.swift */ = {isa = PBXFileReference; lastKnownFileType = sourcecode.swift; path = 10718.swift; sourceTree = "<group>"; };
		BB6EECC728110F68001F77A4 /* 10171.swift */ = {isa = PBXFileReference; lastKnownFileType = sourcecode.swift; path = 10171.swift; sourceTree = "<group>"; };
		BB6EECC928111115001F77A4 /* 10172.swift */ = {isa = PBXFileReference; lastKnownFileType = sourcecode.swift; path = 10172.swift; sourceTree = "<group>"; };
		BB6EECCB2811125B001F77A4 /* 10998.swift */ = {isa = PBXFileReference; lastKnownFileType = sourcecode.swift; path = 10998.swift; sourceTree = "<group>"; };
		BB6EECCD28111300001F77A4 /* 1008.swift */ = {isa = PBXFileReference; lastKnownFileType = sourcecode.swift; path = 1008.swift; sourceTree = "<group>"; };
		BB6EECCF281115C9001F77A4 /* 10869.swift */ = {isa = PBXFileReference; lastKnownFileType = sourcecode.swift; path = 10869.swift; sourceTree = "<group>"; };
		BB6EECD128111664001F77A4 /* 10926.swift */ = {isa = PBXFileReference; lastKnownFileType = sourcecode.swift; path = 10926.swift; sourceTree = "<group>"; };
		BB6EECD32811174B001F77A4 /* 18108.swift */ = {isa = PBXFileReference; lastKnownFileType = sourcecode.swift; path = 18108.swift; sourceTree = "<group>"; };
		BB6EECD52811183F001F77A4 /* 10430.swift */ = {isa = PBXFileReference; lastKnownFileType = sourcecode.swift; path = 10430.swift; sourceTree = "<group>"; };
		BB6EECD728111943001F77A4 /* 2588.swift */ = {isa = PBXFileReference; lastKnownFileType = sourcecode.swift; path = 2588.swift; sourceTree = "<group>"; };
		BB6EECD928111FE4001F77A4 /* 1330.swift */ = {isa = PBXFileReference; lastKnownFileType = sourcecode.swift; path = 1330.swift; sourceTree = "<group>"; };
		BB6EECDB2811218C001F77A4 /* 9498.swift */ = {isa = PBXFileReference; lastKnownFileType = sourcecode.swift; path = 9498.swift; sourceTree = "<group>"; };
		BB6EECDD28112375001F77A4 /* 2753.swift */ = {isa = PBXFileReference; lastKnownFileType = sourcecode.swift; path = 2753.swift; sourceTree = "<group>"; };
		BB6EECDF281125C6001F77A4 /* 14681.swift */ = {isa = PBXFileReference; lastKnownFileType = sourcecode.swift; path = 14681.swift; sourceTree = "<group>"; };
		BB6EECE1281127A5001F77A4 /* 2884.swift */ = {isa = PBXFileReference; lastKnownFileType = sourcecode.swift; path = 2884.swift; sourceTree = "<group>"; };
		BB6EECE328112A5B001F77A4 /* 2525.swift */ = {isa = PBXFileReference; lastKnownFileType = sourcecode.swift; path = 2525.swift; sourceTree = "<group>"; };
		BB6EECE528112CE9001F77A4 /* 2480.swift */ = {isa = PBXFileReference; lastKnownFileType = sourcecode.swift; path = 2480.swift; sourceTree = "<group>"; };
		BB6EECE7281130BB001F77A4 /* 8393.swift */ = {isa = PBXFileReference; lastKnownFileType = sourcecode.swift; path = 8393.swift; sourceTree = "<group>"; };
		BB6EECE928113611001F77A4 /* 2739.swift */ = {isa = PBXFileReference; lastKnownFileType = sourcecode.swift; path = 2739.swift; sourceTree = "<group>"; };
		BB6EECED28114310001F77A4 /* 10950.swift */ = {isa = PBXFileReference; lastKnownFileType = sourcecode.swift; path = 10950.swift; sourceTree = "<group>"; };
		BBBF6E55282F76F00009FAB9 /* 1427.swift */ = {isa = PBXFileReference; lastKnownFileType = sourcecode.swift; path = 1427.swift; sourceTree = "<group>"; };
		BBBF6E57282F78EC0009FAB9 /* 11650.swift */ = {isa = PBXFileReference; lastKnownFileType = sourcecode.swift; path = 11650.swift; sourceTree = "<group>"; };
		BBBF6E59282F7A850009FAB9 /* 11651.swift */ = {isa = PBXFileReference; lastKnownFileType = sourcecode.swift; path = 11651.swift; sourceTree = "<group>"; };
		BBBF6E5B282F7ABA0009FAB9 /* 1181.swift */ = {isa = PBXFileReference; lastKnownFileType = sourcecode.swift; path = 1181.swift; sourceTree = "<group>"; };
		BBBF6E5D282F7BCF0009FAB9 /* 10814.swift */ = {isa = PBXFileReference; lastKnownFileType = sourcecode.swift; path = 10814.swift; sourceTree = "<group>"; };
		BBBF6E5F282F7EE80009FAB9 /* main.swift */ = {isa = PBXFileReference; lastKnownFileType = sourcecode.swift; path = main.swift; sourceTree = "<group>"; };
		BBF2EC602810F8220092E709 /* Algorithm */ = {isa = PBXFileReference; explicitFileType = "compiled.mach-o.executable"; includeInIndex = 0; path = Algorithm; sourceTree = BUILT_PRODUCTS_DIR; };
		BBF2EC632810F8220092E709 /* 1000.swift */ = {isa = PBXFileReference; lastKnownFileType = sourcecode.swift; path = 1000.swift; sourceTree = "<group>"; };
/* End PBXFileReference section */

/* Begin PBXFrameworksBuildPhase section */
		BBF2EC5D2810F8220092E709 /* Frameworks */ = {
			isa = PBXFrameworksBuildPhase;
			buildActionMask = 2147483647;
			files = (
			);
			runOnlyForDeploymentPostprocessing = 0;
		};
/* End PBXFrameworksBuildPhase section */

/* Begin PBXGroup section */
		BB6EECBD28110836001F77A4 /* BAEKJOON */ = {
			isa = PBXGroup;
			children = (
				BBF2EC632810F8220092E709 /* 1000.swift */,
				BB6EECC128110AB3001F77A4 /* 1001.swift */,
				BB6EECC328110BCE001F77A4 /* 2557.swift */,
				BB6EECC528110E8F001F77A4 /* 10718.swift */,
				BB6EECC728110F68001F77A4 /* 10171.swift */,
				BB6EECC928111115001F77A4 /* 10172.swift */,
				BB6EECCB2811125B001F77A4 /* 10998.swift */,
				BB6EECCD28111300001F77A4 /* 1008.swift */,
				BB6EECCF281115C9001F77A4 /* 10869.swift */,
				BB6EECD128111664001F77A4 /* 10926.swift */,
				BB6EECD32811174B001F77A4 /* 18108.swift */,
				BB6EECD52811183F001F77A4 /* 10430.swift */,
				BB6EECD728111943001F77A4 /* 2588.swift */,
				BB6EECD928111FE4001F77A4 /* 1330.swift */,
				BB6EECDB2811218C001F77A4 /* 9498.swift */,
				BB6EECDD28112375001F77A4 /* 2753.swift */,
				BB6EECDF281125C6001F77A4 /* 14681.swift */,
				BB6EECE1281127A5001F77A4 /* 2884.swift */,
				BB6EECE328112A5B001F77A4 /* 2525.swift */,
				BB6EECE528112CE9001F77A4 /* 2480.swift */,
				BB6EECE7281130BB001F77A4 /* 8393.swift */,
				BB6EECE928113611001F77A4 /* 2739.swift */,
				BB6EECED28114310001F77A4 /* 10950.swift */,
				BB0CF0DC2819090900BFB3BF /* 15552.swift */,
				BB0CF0DE28191FC500BFB3BF /* 2741.swift */,
				BB0CF0E028192A1500BFB3BF /* 2742.swift */,
				BB0CF0E228192ACB00BFB3BF /* 11021.swift */,
				BB0CF0E428192B9800BFB3BF /* 11022.swift */,
				BB0CF0E628192C4E00BFB3BF /* 2438.swift */,
				BB0CF0E828192D9800BFB3BF /* 2439.swift */,
				BB0CF0EA281930AB00BFB3BF /* 10871.swift */,
				BB0CF0EC2819327300BFB3BF /* 10952.swift */,
				BB0CF0EE2819335A00BFB3BF /* 10951.swift */,
				BB0CF0F02819352000BFB3BF /* 1110.swift */,
				BB0CF0F2281A516100BFB3BF /* 10818.swift */,
				BB0CF0F4281A5C2700BFB3BF /* 2562.swift */,
				BB0CF0F6281A5DC300BFB3BF /* 2577.swift */,
				BB0CF0F8281A612C00BFB3BF /* 3052.swift */,
				BB0CF0FA281A660400BFB3BF /* 1546.swift */,
				BB0CF0FC281A688400BFB3BF /* 8958.swift */,
				BB0CF0FE281A6B1A00BFB3BF /* 4344.swift */,
				BB0CF100281A70A200BFB3BF /* 4673.swift */,
				BB0CF102281A7BC500BFB3BF /* 1065.swift */,
				BB0CF105281A890B00BFB3BF /* 11654.swift */,
				BB0CF107281BA3E700BFB3BF /* 11720.swift */,
				BB0CF109281BA98A00BFB3BF /* 10809.swift */,
				BB0CF10B281BB70700BFB3BF /* 2675.swift */,
				BB0CF10D281BC05A00BFB3BF /* 1157.swift */,
				BB0CF10F281BC55700BFB3BF /* 1152.swift */,
				BB0CF111281BC61500BFB3BF /* 2908.swift */,
				BB0CF113281BC99100BFB3BF /* 5622.swift */,
				BB0CF115281BD0A900BFB3BF /* 2941.swift */,
				BB15A99C281FD8DF00D451A1 /* 1316.swift */,
				BB15A99E281FDCC500D451A1 /* 1712.swift */,
				BB15A9A02820F07500D451A1 /* 2292.swift */,
				BB15A9A32821075800D451A1 /* 1193.swift */,
				BB15A9A52821162300D451A1 /* 2869.swift */,
				BB15A9A72823A26400D451A1 /* 10250.swift */,
				BB15A9A92823ADF200D451A1 /* 2775.swift */,
				BB668877282411E200D54DD8 /* 2839.swift */,
				BB6688792824EF3300D54DD8 /* 10757.swift */,
				BB66887B2825086E00D54DD8 /* 1978.swift */,
				BB66887D282511B500D54DD8 /* 2581.swift */,
				BB66887F2825149600D54DD8 /* 11653.swift */,
				BB6688812825179900D54DD8 /* 1929.swift */,
				BB668883282521C700D54DD8 /* 4948.swift */,
				BB6688852828D8C000D54DD8 /* 9020.swift */,
				BB6688872828E25800D54DD8 /* 1085.swift */,
				BB6688892828E73E00D54DD8 /* 3009.swift */,
				BB66888B2828F39F00D54DD8 /* 4153.swift */,
				BB66888D2828F91200D54DD8 /* 3053.swift */,
				BB6688912828FEE100D54DD8 /* 1002.swift */,
				BB668893282925AE00D54DD8 /* 10872.swift */,
				BB1C4627282943990073F224 /* 10870.swift */,
				BB1C4629282949710073F224 /* 17478.swift */,
				BB1C462B282959CB0073F224 /* 2447.swift */,
				BB1C462D282A89830073F224 /* 11729.swift */,
				BB1C462F282BA0C90073F224 /* 2798.swift */,
				BB1C4631282BA46C0073F224 /* 2231.swift */,
				BB1C4633282BAA800073F224 /* 7568.swift */,
				BB1C4635282BACD20073F224 /* 1018.swift */,
				BB1C4637282CD3A80073F224 /* 1436.swift */,
				BB1C4639282CE6220073F224 /* 2750.swift */,
				BB1C463B282CEC090073F224 /* 2751.swift */,
				BB60CCD1282E31C000475317 /* 10989.swift */,
				BB60CCD9282E681A00475317 /* FileIO.swift */,
				BB60CCD6282E5A6600475317 /* 2108.swift */,
				BBBF6E55282F76F00009FAB9 /* 1427.swift */,
				BBBF6E57282F78EC0009FAB9 /* 11650.swift */,
				BBBF6E59282F7A850009FAB9 /* 11651.swift */,
				BBBF6E5B282F7ABA0009FAB9 /* 1181.swift */,
				BBBF6E5D282F7BCF0009FAB9 /* 10814.swift */,
				BBBF6E5F282F7EE80009FAB9 /* main.swift */,
			);
			path = BAEKJOON;
			sourceTree = "<group>";
		};
		BBF2EC572810F8220092E709 = {
			isa = PBXGroup;
			children = (
				BBF2EC622810F8220092E709 /* Algorithm */,
				BBF2EC612810F8220092E709 /* Products */,
			);
			sourceTree = "<group>";
		};
		BBF2EC612810F8220092E709 /* Products */ = {
			isa = PBXGroup;
			children = (
				BBF2EC602810F8220092E709 /* Algorithm */,
			);
			name = Products;
			sourceTree = "<group>";
		};
		BBF2EC622810F8220092E709 /* Algorithm */ = {
			isa = PBXGroup;
			children = (
				BB6EECBD28110836001F77A4 /* BAEKJOON */,
			);
			path = Algorithm;
			sourceTree = "<group>";
		};
/* End PBXGroup section */

/* Begin PBXNativeTarget section */
		BBF2EC5F2810F8220092E709 /* Algorithm */ = {
			isa = PBXNativeTarget;
			buildConfigurationList = BBF2EC672810F8220092E709 /* Build configuration list for PBXNativeTarget "Algorithm" */;
			buildPhases = (
				BBF2EC5C2810F8220092E709 /* Sources */,
				BBF2EC5D2810F8220092E709 /* Frameworks */,
				BBF2EC5E2810F8220092E709 /* CopyFiles */,
			);
			buildRules = (
			);
			dependencies = (
			);
			name = Algorithm;
			productName = Algorithm;
			productReference = BBF2EC602810F8220092E709 /* Algorithm */;
			productType = "com.apple.product-type.tool";
		};
/* End PBXNativeTarget section */

/* Begin PBXProject section */
		BBF2EC582810F8220092E709 /* Project object */ = {
			isa = PBXProject;
			attributes = {
				BuildIndependentTargetsInParallel = 1;
				LastSwiftUpdateCheck = 1330;
				LastUpgradeCheck = 1330;
				TargetAttributes = {
					BBF2EC5F2810F8220092E709 = {
						CreatedOnToolsVersion = 13.3.1;
						LastSwiftMigration = 1330;
					};
				};
			};
			buildConfigurationList = BBF2EC5B2810F8220092E709 /* Build configuration list for PBXProject "Algorithm" */;
			compatibilityVersion = "Xcode 13.0";
			developmentRegion = en;
			hasScannedForEncodings = 0;
			knownRegions = (
				en,
				Base,
			);
			mainGroup = BBF2EC572810F8220092E709;
			productRefGroup = BBF2EC612810F8220092E709 /* Products */;
			projectDirPath = "";
			projectRoot = "";
			targets = (
				BBF2EC5F2810F8220092E709 /* Algorithm */,
			);
		};
/* End PBXProject section */

/* Begin PBXSourcesBuildPhase section */
		BBF2EC5C2810F8220092E709 /* Sources */ = {
			isa = PBXSourcesBuildPhase;
			buildActionMask = 2147483647;
			files = (
				BBBF6E60282F7EE80009FAB9 /* main.swift in Sources */,
				BB60CCDA282E681A00475317 /* FileIO.swift in Sources */,
			);
			runOnlyForDeploymentPostprocessing = 0;
		};
/* End PBXSourcesBuildPhase section */

/* Begin XCBuildConfiguration section */
		BBF2EC652810F8220092E709 /* Debug */ = {
			isa = XCBuildConfiguration;
			buildSettings = {
				ALWAYS_SEARCH_USER_PATHS = NO;
				CLANG_ANALYZER_NONNULL = YES;
				CLANG_ANALYZER_NUMBER_OBJECT_CONVERSION = YES_AGGRESSIVE;
				CLANG_CXX_LANGUAGE_STANDARD = "gnu++17";
				CLANG_ENABLE_MODULES = YES;
				CLANG_ENABLE_OBJC_ARC = YES;
				CLANG_ENABLE_OBJC_WEAK = YES;
				CLANG_WARN_BLOCK_CAPTURE_AUTORELEASING = YES;
				CLANG_WARN_BOOL_CONVERSION = YES;
				CLANG_WARN_COMMA = YES;
				CLANG_WARN_CONSTANT_CONVERSION = YES;
				CLANG_WARN_DEPRECATED_OBJC_IMPLEMENTATIONS = YES;
				CLANG_WARN_DIRECT_OBJC_ISA_USAGE = YES_ERROR;
				CLANG_WARN_DOCUMENTATION_COMMENTS = YES;
				CLANG_WARN_EMPTY_BODY = YES;
				CLANG_WARN_ENUM_CONVERSION = YES;
				CLANG_WARN_INFINITE_RECURSION = YES;
				CLANG_WARN_INT_CONVERSION = YES;
				CLANG_WARN_NON_LITERAL_NULL_CONVERSION = YES;
				CLANG_WARN_OBJC_IMPLICIT_RETAIN_SELF = YES;
				CLANG_WARN_OBJC_LITERAL_CONVERSION = YES;
				CLANG_WARN_OBJC_ROOT_CLASS = YES_ERROR;
				CLANG_WARN_QUOTED_INCLUDE_IN_FRAMEWORK_HEADER = YES;
				CLANG_WARN_RANGE_LOOP_ANALYSIS = YES;
				CLANG_WARN_STRICT_PROTOTYPES = YES;
				CLANG_WARN_SUSPICIOUS_MOVE = YES;
				CLANG_WARN_UNGUARDED_AVAILABILITY = YES_AGGRESSIVE;
				CLANG_WARN_UNREACHABLE_CODE = YES;
				CLANG_WARN__DUPLICATE_METHOD_MATCH = YES;
				COPY_PHASE_STRIP = NO;
				DEBUG_INFORMATION_FORMAT = dwarf;
				ENABLE_STRICT_OBJC_MSGSEND = YES;
				ENABLE_TESTABILITY = YES;
				GCC_C_LANGUAGE_STANDARD = gnu11;
				GCC_DYNAMIC_NO_PIC = NO;
				GCC_NO_COMMON_BLOCKS = YES;
				GCC_OPTIMIZATION_LEVEL = 0;
				GCC_PREPROCESSOR_DEFINITIONS = (
					"DEBUG=1",
					"$(inherited)",
				);
				GCC_WARN_64_TO_32_BIT_CONVERSION = YES;
				GCC_WARN_ABOUT_RETURN_TYPE = YES_ERROR;
				GCC_WARN_UNDECLARED_SELECTOR = YES;
				GCC_WARN_UNINITIALIZED_AUTOS = YES_AGGRESSIVE;
				GCC_WARN_UNUSED_FUNCTION = YES;
				GCC_WARN_UNUSED_VARIABLE = YES;
				MACOSX_DEPLOYMENT_TARGET = 12.3;
				MTL_ENABLE_DEBUG_INFO = INCLUDE_SOURCE;
				MTL_FAST_MATH = YES;
				ONLY_ACTIVE_ARCH = YES;
				SDKROOT = macosx;
				SWIFT_ACTIVE_COMPILATION_CONDITIONS = DEBUG;
				SWIFT_OPTIMIZATION_LEVEL = "-Onone";
			};
			name = Debug;
		};
		BBF2EC662810F8220092E709 /* Release */ = {
			isa = XCBuildConfiguration;
			buildSettings = {
				ALWAYS_SEARCH_USER_PATHS = NO;
				CLANG_ANALYZER_NONNULL = YES;
				CLANG_ANALYZER_NUMBER_OBJECT_CONVERSION = YES_AGGRESSIVE;
				CLANG_CXX_LANGUAGE_STANDARD = "gnu++17";
				CLANG_ENABLE_MODULES = YES;
				CLANG_ENABLE_OBJC_ARC = YES;
				CLANG_ENABLE_OBJC_WEAK = YES;
				CLANG_WARN_BLOCK_CAPTURE_AUTORELEASING = YES;
				CLANG_WARN_BOOL_CONVERSION = YES;
				CLANG_WARN_COMMA = YES;
				CLANG_WARN_CONSTANT_CONVERSION = YES;
				CLANG_WARN_DEPRECATED_OBJC_IMPLEMENTATIONS = YES;
				CLANG_WARN_DIRECT_OBJC_ISA_USAGE = YES_ERROR;
				CLANG_WARN_DOCUMENTATION_COMMENTS = YES;
				CLANG_WARN_EMPTY_BODY = YES;
				CLANG_WARN_ENUM_CONVERSION = YES;
				CLANG_WARN_INFINITE_RECURSION = YES;
				CLANG_WARN_INT_CONVERSION = YES;
				CLANG_WARN_NON_LITERAL_NULL_CONVERSION = YES;
				CLANG_WARN_OBJC_IMPLICIT_RETAIN_SELF = YES;
				CLANG_WARN_OBJC_LITERAL_CONVERSION = YES;
				CLANG_WARN_OBJC_ROOT_CLASS = YES_ERROR;
				CLANG_WARN_QUOTED_INCLUDE_IN_FRAMEWORK_HEADER = YES;
				CLANG_WARN_RANGE_LOOP_ANALYSIS = YES;
				CLANG_WARN_STRICT_PROTOTYPES = YES;
				CLANG_WARN_SUSPICIOUS_MOVE = YES;
				CLANG_WARN_UNGUARDED_AVAILABILITY = YES_AGGRESSIVE;
				CLANG_WARN_UNREACHABLE_CODE = YES;
				CLANG_WARN__DUPLICATE_METHOD_MATCH = YES;
				COPY_PHASE_STRIP = NO;
				DEBUG_INFORMATION_FORMAT = "dwarf-with-dsym";
				ENABLE_NS_ASSERTIONS = NO;
				ENABLE_STRICT_OBJC_MSGSEND = YES;
				GCC_C_LANGUAGE_STANDARD = gnu11;
				GCC_NO_COMMON_BLOCKS = YES;
				GCC_WARN_64_TO_32_BIT_CONVERSION = YES;
				GCC_WARN_ABOUT_RETURN_TYPE = YES_ERROR;
				GCC_WARN_UNDECLARED_SELECTOR = YES;
				GCC_WARN_UNINITIALIZED_AUTOS = YES_AGGRESSIVE;
				GCC_WARN_UNUSED_FUNCTION = YES;
				GCC_WARN_UNUSED_VARIABLE = YES;
				MACOSX_DEPLOYMENT_TARGET = 12.3;
				MTL_ENABLE_DEBUG_INFO = NO;
				MTL_FAST_MATH = YES;
				SDKROOT = macosx;
				SWIFT_COMPILATION_MODE = wholemodule;
				SWIFT_OPTIMIZATION_LEVEL = "-O";
			};
			name = Release;
		};
		BBF2EC682810F8220092E709 /* Debug */ = {
			isa = XCBuildConfiguration;
			buildSettings = {
				CLANG_ENABLE_MODULES = YES;
				CODE_SIGN_STYLE = Automatic;
				LD_RUNPATH_SEARCH_PATHS = (
					"$(inherited)",
					"@executable_path/../Frameworks",
					"@loader_path/../Frameworks",
				);
				PRODUCT_NAME = "$(TARGET_NAME)";
				SWIFT_OPTIMIZATION_LEVEL = "-Onone";
				SWIFT_VERSION = 5.0;
			};
			name = Debug;
		};
		BBF2EC692810F8220092E709 /* Release */ = {
			isa = XCBuildConfiguration;
			buildSettings = {
				CLANG_ENABLE_MODULES = YES;
				CODE_SIGN_STYLE = Automatic;
				LD_RUNPATH_SEARCH_PATHS = (
					"$(inherited)",
					"@executable_path/../Frameworks",
					"@loader_path/../Frameworks",
				);
				PRODUCT_NAME = "$(TARGET_NAME)";
				SWIFT_VERSION = 5.0;
			};
			name = Release;
		};
/* End XCBuildConfiguration section */

/* Begin XCConfigurationList section */
		BBF2EC5B2810F8220092E709 /* Build configuration list for PBXProject "Algorithm" */ = {
			isa = XCConfigurationList;
			buildConfigurations = (
				BBF2EC652810F8220092E709 /* Debug */,
				BBF2EC662810F8220092E709 /* Release */,
			);
			defaultConfigurationIsVisible = 0;
			defaultConfigurationName = Release;
		};
		BBF2EC672810F8220092E709 /* Build configuration list for PBXNativeTarget "Algorithm" */ = {
			isa = XCConfigurationList;
			buildConfigurations = (
				BBF2EC682810F8220092E709 /* Debug */,
				BBF2EC692810F8220092E709 /* Release */,
			);
			defaultConfigurationIsVisible = 0;
			defaultConfigurationName = Release;
		};
/* End XCConfigurationList section */
	};
	rootObject = BBF2EC582810F8220092E709 /* Project object */;
}
