// !$*UTF8*$!
{
	archiveVersion = 1;
	classes = {
	};
	objectVersion = 55;
	objects = {

/* Begin PBXCopyFilesBuildPhase section */
		BBF2EC5E2810F8220092E709 /* CopyFiles */ = {
			isa = PBXCopyFilesBuildPhase;
			buildActionMask = 2147483647;
			dstPath = /usr/share/man/man1/;
			dstSubfolderSpec = 0;
			files = (
			);
			runOnlyForDeploymentPostprocessing = 1;
		};
/* End PBXCopyFilesBuildPhase section */

/* Begin PBXFileReference section */
		BB0CF0DC2819090900BFB3BF /* 15552.swift */ = {isa = PBXFileReference; lastKnownFileType = sourcecode.swift; path = 15552.swift; sourceTree = "<group>"; };
		BB0CF0DE28191FC500BFB3BF /* 2741.swift */ = {isa = PBXFileReference; lastKnownFileType = sourcecode.swift; path = 2741.swift; sourceTree = "<group>"; };
		BB0CF0E028192A1500BFB3BF /* 2742.swift */ = {isa = PBXFileReference; lastKnownFileType = sourcecode.swift; path = 2742.swift; sourceTree = "<group>"; };
		BB0CF0E228192ACB00BFB3BF /* 11021.swift */ = {isa = PBXFileReference; lastKnownFileType = sourcecode.swift; path = 11021.swift; sourceTree = "<group>"; };
		BB0CF0E428192B9800BFB3BF /* 11022.swift */ = {isa = PBXFileReference; lastKnownFileType = sourcecode.swift; path = 11022.swift; sourceTree = "<group>"; };
		BB0CF0E628192C4E00BFB3BF /* 2438.swift */ = {isa = PBXFileReference; lastKnownFileType = sourcecode.swift; path = 2438.swift; sourceTree = "<group>"; };
		BB0CF0E828192D9800BFB3BF /* 2439.swift */ = {isa = PBXFileReference; lastKnownFileType = sourcecode.swift; path = 2439.swift; sourceTree = "<group>"; };
		BB0CF0EA281930AB00BFB3BF /* 10871.swift */ = {isa = PBXFileReference; lastKnownFileType = sourcecode.swift; path = 10871.swift; sourceTree = "<group>"; };
		BB0CF0EC2819327300BFB3BF /* 10952.swift */ = {isa = PBXFileReference; lastKnownFileType = sourcecode.swift; path = 10952.swift; sourceTree = "<group>"; };
		BB0CF0EE2819335A00BFB3BF /* 10951.swift */ = {isa = PBXFileReference; lastKnownFileType = sourcecode.swift; path = 10951.swift; sourceTree = "<group>"; };
		BB0CF0F02819352000BFB3BF /* 1110.swift */ = {isa = PBXFileReference; lastKnownFileType = sourcecode.swift; path = 1110.swift; sourceTree = "<group>"; };
		BB6EECC128110AB3001F77A4 /* 1001.swift */ = {isa = PBXFileReference; lastKnownFileType = sourcecode.swift; path = 1001.swift; sourceTree = "<group>"; };
		BB6EECC328110BCE001F77A4 /* 2557.swift */ = {isa = PBXFileReference; lastKnownFileType = sourcecode.swift; path = 2557.swift; sourceTree = "<group>"; };
		BB6EECC528110E8F001F77A4 /* 10718.swift */ = {isa = PBXFileReference; lastKnownFileType = sourcecode.swift; path = 10718.swift; sourceTree = "<group>"; };
		BB6EECC728110F68001F77A4 /* 10171.swift */ = {isa = PBXFileReference; lastKnownFileType = sourcecode.swift; path = 10171.swift; sourceTree = "<group>"; };
		BB6EECC928111115001F77A4 /* 10172.swift */ = {isa = PBXFileReference; lastKnownFileType = sourcecode.swift; path = 10172.swift; sourceTree = "<group>"; };
		BB6EECCB2811125B001F77A4 /* 10998.swift */ = {isa = PBXFileReference; lastKnownFileType = sourcecode.swift; path = 10998.swift; sourceTree = "<group>"; };
		BB6EECCD28111300001F77A4 /* 1008.swift */ = {isa = PBXFileReference; lastKnownFileType = sourcecode.swift; path = 1008.swift; sourceTree = "<group>"; };
		BB6EECCF281115C9001F77A4 /* 10869.swift */ = {isa = PBXFileReference; lastKnownFileType = sourcecode.swift; path = 10869.swift; sourceTree = "<group>"; };
		BB6EECD128111664001F77A4 /* 10926.swift */ = {isa = PBXFileReference; lastKnownFileType = sourcecode.swift; path = 10926.swift; sourceTree = "<group>"; };
		BB6EECD32811174B001F77A4 /* 18108.swift */ = {isa = PBXFileReference; lastKnownFileType = sourcecode.swift; path = 18108.swift; sourceTree = "<group>"; };
		BB6EECD52811183F001F77A4 /* 10430.swift */ = {isa = PBXFileReference; lastKnownFileType = sourcecode.swift; path = 10430.swift; sourceTree = "<group>"; };
		BB6EECD728111943001F77A4 /* 2588.swift */ = {isa = PBXFileReference; lastKnownFileType = sourcecode.swift; path = 2588.swift; sourceTree = "<group>"; };
		BB6EECD928111FE4001F77A4 /* 1330.swift */ = {isa = PBXFileReference; lastKnownFileType = sourcecode.swift; path = 1330.swift; sourceTree = "<group>"; };
		BB6EECDB2811218C001F77A4 /* 9498.swift */ = {isa = PBXFileReference; lastKnownFileType = sourcecode.swift; path = 9498.swift; sourceTree = "<group>"; };
		BB6EECDD28112375001F77A4 /* 2753.swift */ = {isa = PBXFileReference; lastKnownFileType = sourcecode.swift; path = 2753.swift; sourceTree = "<group>"; };
		BB6EECDF281125C6001F77A4 /* 14681.swift */ = {isa = PBXFileReference; lastKnownFileType = sourcecode.swift; path = 14681.swift; sourceTree = "<group>"; };
		BB6EECE1281127A5001F77A4 /* 2884.swift */ = {isa = PBXFileReference; lastKnownFileType = sourcecode.swift; path = 2884.swift; sourceTree = "<group>"; };
		BB6EECE328112A5B001F77A4 /* 2525.swift */ = {isa = PBXFileReference; lastKnownFileType = sourcecode.swift; path = 2525.swift; sourceTree = "<group>"; };
		BB6EECE528112CE9001F77A4 /* 2480.swift */ = {isa = PBXFileReference; lastKnownFileType = sourcecode.swift; path = 2480.swift; sourceTree = "<group>"; };
		BB6EECE7281130BB001F77A4 /* 8393.swift */ = {isa = PBXFileReference; lastKnownFileType = sourcecode.swift; path = 8393.swift; sourceTree = "<group>"; };
		BB6EECE928113611001F77A4 /* 2739.swift */ = {isa = PBXFileReference; lastKnownFileType = sourcecode.swift; path = 2739.swift; sourceTree = "<group>"; };
		BB6EECED28114310001F77A4 /* 10950.swift */ = {isa = PBXFileReference; lastKnownFileType = sourcecode.swift; path = 10950.swift; sourceTree = "<group>"; };
		BBF2EC602810F8220092E709 /* Algorithm */ = {isa = PBXFileReference; explicitFileType = "compiled.mach-o.executable"; includeInIndex = 0; path = Algorithm; sourceTree = BUILT_PRODUCTS_DIR; };
		BBF2EC632810F8220092E709 /* 1000.swift */ = {isa = PBXFileReference; lastKnownFileType = sourcecode.swift; path = 1000.swift; sourceTree = "<group>"; };
/* End PBXFileReference section */

/* Begin PBXFrameworksBuildPhase section */
		BBF2EC5D2810F8220092E709 /* Frameworks */ = {
			isa = PBXFrameworksBuildPhase;
			buildActionMask = 2147483647;
			files = (
			);
			runOnlyForDeploymentPostprocessing = 0;
		};
/* End PBXFrameworksBuildPhase section */

/* Begin PBXGroup section */
		BB6EECBD28110836001F77A4 /* BAEKJOON */ = {
			isa = PBXGroup;
			children = (
				BBF2EC632810F8220092E709 /* 1000.swift */,
				BB6EECC128110AB3001F77A4 /* 1001.swift */,
				BB6EECC328110BCE001F77A4 /* 2557.swift */,
				BB6EECC528110E8F001F77A4 /* 10718.swift */,
				BB6EECC728110F68001F77A4 /* 10171.swift */,
				BB6EECC928111115001F77A4 /* 10172.swift */,
				BB6EECCB2811125B001F77A4 /* 10998.swift */,
				BB6EECCD28111300001F77A4 /* 1008.swift */,
				BB6EECCF281115C9001F77A4 /* 10869.swift */,
				BB6EECD128111664001F77A4 /* 10926.swift */,
				BB6EECD32811174B001F77A4 /* 18108.swift */,
				BB6EECD52811183F001F77A4 /* 10430.swift */,
				BB6EECD728111943001F77A4 /* 2588.swift */,
				BB6EECD928111FE4001F77A4 /* 1330.swift */,
				BB6EECDB2811218C001F77A4 /* 9498.swift */,
				BB6EECDD28112375001F77A4 /* 2753.swift */,
				BB6EECDF281125C6001F77A4 /* 14681.swift */,
				BB6EECE1281127A5001F77A4 /* 2884.swift */,
				BB6EECE328112A5B001F77A4 /* 2525.swift */,
				BB6EECE528112CE9001F77A4 /* 2480.swift */,
				BB6EECE7281130BB001F77A4 /* 8393.swift */,
				BB6EECE928113611001F77A4 /* 2739.swift */,
				BB6EECED28114310001F77A4 /* 10950.swift */,
				BB0CF0DC2819090900BFB3BF /* 15552.swift */,
				BB0CF0DE28191FC500BFB3BF /* 2741.swift */,
				BB0CF0E028192A1500BFB3BF /* 2742.swift */,
				BB0CF0E228192ACB00BFB3BF /* 11021.swift */,
				BB0CF0E428192B9800BFB3BF /* 11022.swift */,
				BB0CF0E628192C4E00BFB3BF /* 2438.swift */,
				BB0CF0E828192D9800BFB3BF /* 2439.swift */,
				BB0CF0EA281930AB00BFB3BF /* 10871.swift */,
				BB0CF0EC2819327300BFB3BF /* 10952.swift */,
				BB0CF0EE2819335A00BFB3BF /* 10951.swift */,
				BB0CF0F02819352000BFB3BF /* 1110.swift */,
			);
			path = BAEKJOON;
			sourceTree = "<group>";
		};
		BBF2EC572810F8220092E709 = {
			isa = PBXGroup;
			children = (
				BBF2EC622810F8220092E709 /* Algorithm */,
				BBF2EC612810F8220092E709 /* Products */,
			);
			sourceTree = "<group>";
		};
		BBF2EC612810F8220092E709 /* Products */ = {
			isa = PBXGroup;
			children = (
				BBF2EC602810F8220092E709 /* Algorithm */,
			);
			name = Products;
			sourceTree = "<group>";
		};
		BBF2EC622810F8220092E709 /* Algorithm */ = {
			isa = PBXGroup;
			children = (
				BB6EECBD28110836001F77A4 /* BAEKJOON */,
			);
			path = Algorithm;
			sourceTree = "<group>";
		};
/* End PBXGroup section */

/* Begin PBXNativeTarget section */
		BBF2EC5F2810F8220092E709 /* Algorithm */ = {
			isa = PBXNativeTarget;
			buildConfigurationList = BBF2EC672810F8220092E709 /* Build configuration list for PBXNativeTarget "Algorithm" */;
			buildPhases = (
				BBF2EC5C2810F8220092E709 /* Sources */,
				BBF2EC5D2810F8220092E709 /* Frameworks */,
				BBF2EC5E2810F8220092E709 /* CopyFiles */,
			);
			buildRules = (
			);
			dependencies = (
			);
			name = Algorithm;
			productName = Algorithm;
			productReference = BBF2EC602810F8220092E709 /* Algorithm */;
			productType = "com.apple.product-type.tool";
		};
/* End PBXNativeTarget section */

/* Begin PBXProject section */
		BBF2EC582810F8220092E709 /* Project object */ = {
			isa = PBXProject;
			attributes = {
				BuildIndependentTargetsInParallel = 1;
				LastSwiftUpdateCheck = 1330;
				LastUpgradeCheck = 1330;
				TargetAttributes = {
					BBF2EC5F2810F8220092E709 = {
						CreatedOnToolsVersion = 13.3.1;
						LastSwiftMigration = 1330;
					};
				};
			};
			buildConfigurationList = BBF2EC5B2810F8220092E709 /* Build configuration list for PBXProject "Algorithm" */;
			compatibilityVersion = "Xcode 13.0";
			developmentRegion = en;
			hasScannedForEncodings = 0;
			knownRegions = (
				en,
				Base,
			);
			mainGroup = BBF2EC572810F8220092E709;
			productRefGroup = BBF2EC612810F8220092E709 /* Products */;
			projectDirPath = "";
			projectRoot = "";
			targets = (
				BBF2EC5F2810F8220092E709 /* Algorithm */,
			);
		};
/* End PBXProject section */

/* Begin PBXSourcesBuildPhase section */
		BBF2EC5C2810F8220092E709 /* Sources */ = {
			isa = PBXSourcesBuildPhase;
			buildActionMask = 2147483647;
			files = (
			);
			runOnlyForDeploymentPostprocessing = 0;
		};
/* End PBXSourcesBuildPhase section */

/* Begin XCBuildConfiguration section */
		BBF2EC652810F8220092E709 /* Debug */ = {
			isa = XCBuildConfiguration;
			buildSettings = {
				ALWAYS_SEARCH_USER_PATHS = NO;
				CLANG_ANALYZER_NONNULL = YES;
				CLANG_ANALYZER_NUMBER_OBJECT_CONVERSION = YES_AGGRESSIVE;
				CLANG_CXX_LANGUAGE_STANDARD = "gnu++17";
				CLANG_ENABLE_MODULES = YES;
				CLANG_ENABLE_OBJC_ARC = YES;
				CLANG_ENABLE_OBJC_WEAK = YES;
				CLANG_WARN_BLOCK_CAPTURE_AUTORELEASING = YES;
				CLANG_WARN_BOOL_CONVERSION = YES;
				CLANG_WARN_COMMA = YES;
				CLANG_WARN_CONSTANT_CONVERSION = YES;
				CLANG_WARN_DEPRECATED_OBJC_IMPLEMENTATIONS = YES;
				CLANG_WARN_DIRECT_OBJC_ISA_USAGE = YES_ERROR;
				CLANG_WARN_DOCUMENTATION_COMMENTS = YES;
				CLANG_WARN_EMPTY_BODY = YES;
				CLANG_WARN_ENUM_CONVERSION = YES;
				CLANG_WARN_INFINITE_RECURSION = YES;
				CLANG_WARN_INT_CONVERSION = YES;
				CLANG_WARN_NON_LITERAL_NULL_CONVERSION = YES;
				CLANG_WARN_OBJC_IMPLICIT_RETAIN_SELF = YES;
				CLANG_WARN_OBJC_LITERAL_CONVERSION = YES;
				CLANG_WARN_OBJC_ROOT_CLASS = YES_ERROR;
				CLANG_WARN_QUOTED_INCLUDE_IN_FRAMEWORK_HEADER = YES;
				CLANG_WARN_RANGE_LOOP_ANALYSIS = YES;
				CLANG_WARN_STRICT_PROTOTYPES = YES;
				CLANG_WARN_SUSPICIOUS_MOVE = YES;
				CLANG_WARN_UNGUARDED_AVAILABILITY = YES_AGGRESSIVE;
				CLANG_WARN_UNREACHABLE_CODE = YES;
				CLANG_WARN__DUPLICATE_METHOD_MATCH = YES;
				COPY_PHASE_STRIP = NO;
				DEBUG_INFORMATION_FORMAT = dwarf;
				ENABLE_STRICT_OBJC_MSGSEND = YES;
				ENABLE_TESTABILITY = YES;
				GCC_C_LANGUAGE_STANDARD = gnu11;
				GCC_DYNAMIC_NO_PIC = NO;
				GCC_NO_COMMON_BLOCKS = YES;
				GCC_OPTIMIZATION_LEVEL = 0;
				GCC_PREPROCESSOR_DEFINITIONS = (
					"DEBUG=1",
					"$(inherited)",
				);
				GCC_WARN_64_TO_32_BIT_CONVERSION = YES;
				GCC_WARN_ABOUT_RETURN_TYPE = YES_ERROR;
				GCC_WARN_UNDECLARED_SELECTOR = YES;
				GCC_WARN_UNINITIALIZED_AUTOS = YES_AGGRESSIVE;
				GCC_WARN_UNUSED_FUNCTION = YES;
				GCC_WARN_UNUSED_VARIABLE = YES;
				MACOSX_DEPLOYMENT_TARGET = 12.3;
				MTL_ENABLE_DEBUG_INFO = INCLUDE_SOURCE;
				MTL_FAST_MATH = YES;
				ONLY_ACTIVE_ARCH = YES;
				SDKROOT = macosx;
				SWIFT_ACTIVE_COMPILATION_CONDITIONS = DEBUG;
				SWIFT_OPTIMIZATION_LEVEL = "-Onone";
			};
			name = Debug;
		};
		BBF2EC662810F8220092E709 /* Release */ = {
			isa = XCBuildConfiguration;
			buildSettings = {
				ALWAYS_SEARCH_USER_PATHS = NO;
				CLANG_ANALYZER_NONNULL = YES;
				CLANG_ANALYZER_NUMBER_OBJECT_CONVERSION = YES_AGGRESSIVE;
				CLANG_CXX_LANGUAGE_STANDARD = "gnu++17";
				CLANG_ENABLE_MODULES = YES;
				CLANG_ENABLE_OBJC_ARC = YES;
				CLANG_ENABLE_OBJC_WEAK = YES;
				CLANG_WARN_BLOCK_CAPTURE_AUTORELEASING = YES;
				CLANG_WARN_BOOL_CONVERSION = YES;
				CLANG_WARN_COMMA = YES;
				CLANG_WARN_CONSTANT_CONVERSION = YES;
				CLANG_WARN_DEPRECATED_OBJC_IMPLEMENTATIONS = YES;
				CLANG_WARN_DIRECT_OBJC_ISA_USAGE = YES_ERROR;
				CLANG_WARN_DOCUMENTATION_COMMENTS = YES;
				CLANG_WARN_EMPTY_BODY = YES;
				CLANG_WARN_ENUM_CONVERSION = YES;
				CLANG_WARN_INFINITE_RECURSION = YES;
				CLANG_WARN_INT_CONVERSION = YES;
				CLANG_WARN_NON_LITERAL_NULL_CONVERSION = YES;
				CLANG_WARN_OBJC_IMPLICIT_RETAIN_SELF = YES;
				CLANG_WARN_OBJC_LITERAL_CONVERSION = YES;
				CLANG_WARN_OBJC_ROOT_CLASS = YES_ERROR;
				CLANG_WARN_QUOTED_INCLUDE_IN_FRAMEWORK_HEADER = YES;
				CLANG_WARN_RANGE_LOOP_ANALYSIS = YES;
				CLANG_WARN_STRICT_PROTOTYPES = YES;
				CLANG_WARN_SUSPICIOUS_MOVE = YES;
				CLANG_WARN_UNGUARDED_AVAILABILITY = YES_AGGRESSIVE;
				CLANG_WARN_UNREACHABLE_CODE = YES;
				CLANG_WARN__DUPLICATE_METHOD_MATCH = YES;
				COPY_PHASE_STRIP = NO;
				DEBUG_INFORMATION_FORMAT = "dwarf-with-dsym";
				ENABLE_NS_ASSERTIONS = NO;
				ENABLE_STRICT_OBJC_MSGSEND = YES;
				GCC_C_LANGUAGE_STANDARD = gnu11;
				GCC_NO_COMMON_BLOCKS = YES;
				GCC_WARN_64_TO_32_BIT_CONVERSION = YES;
				GCC_WARN_ABOUT_RETURN_TYPE = YES_ERROR;
				GCC_WARN_UNDECLARED_SELECTOR = YES;
				GCC_WARN_UNINITIALIZED_AUTOS = YES_AGGRESSIVE;
				GCC_WARN_UNUSED_FUNCTION = YES;
				GCC_WARN_UNUSED_VARIABLE = YES;
				MACOSX_DEPLOYMENT_TARGET = 12.3;
				MTL_ENABLE_DEBUG_INFO = NO;
				MTL_FAST_MATH = YES;
				SDKROOT = macosx;
				SWIFT_COMPILATION_MODE = wholemodule;
				SWIFT_OPTIMIZATION_LEVEL = "-O";
			};
			name = Release;
		};
		BBF2EC682810F8220092E709 /* Debug */ = {
			isa = XCBuildConfiguration;
			buildSettings = {
				CLANG_ENABLE_MODULES = YES;
				CODE_SIGN_STYLE = Automatic;
				LD_RUNPATH_SEARCH_PATHS = (
					"$(inherited)",
					"@executable_path/../Frameworks",
					"@loader_path/../Frameworks",
				);
				PRODUCT_NAME = "$(TARGET_NAME)";
				SWIFT_OPTIMIZATION_LEVEL = "-Onone";
				SWIFT_VERSION = 5.0;
			};
			name = Debug;
		};
		BBF2EC692810F8220092E709 /* Release */ = {
			isa = XCBuildConfiguration;
			buildSettings = {
				CLANG_ENABLE_MODULES = YES;
				CODE_SIGN_STYLE = Automatic;
				LD_RUNPATH_SEARCH_PATHS = (
					"$(inherited)",
					"@executable_path/../Frameworks",
					"@loader_path/../Frameworks",
				);
				PRODUCT_NAME = "$(TARGET_NAME)";
				SWIFT_VERSION = 5.0;
			};
			name = Release;
		};
/* End XCBuildConfiguration section */

/* Begin XCConfigurationList section */
		BBF2EC5B2810F8220092E709 /* Build configuration list for PBXProject "Algorithm" */ = {
			isa = XCConfigurationList;
			buildConfigurations = (
				BBF2EC652810F8220092E709 /* Debug */,
				BBF2EC662810F8220092E709 /* Release */,
			);
			defaultConfigurationIsVisible = 0;
			defaultConfigurationName = Release;
		};
		BBF2EC672810F8220092E709 /* Build configuration list for PBXNativeTarget "Algorithm" */ = {
			isa = XCConfigurationList;
			buildConfigurations = (
				BBF2EC682810F8220092E709 /* Debug */,
				BBF2EC692810F8220092E709 /* Release */,
			);
			defaultConfigurationIsVisible = 0;
			defaultConfigurationName = Release;
		};
/* End XCConfigurationList section */
	};
	rootObject = BBF2EC582810F8220092E709 /* Project object */;
}
